
Microsoft Visual Studio Solution File, Format Version 12.00
# Visual Studio Version 16
VisualStudioVersion = 16.0.28803.156
MinimumVisualStudioVersion = 10.0.40219.1
Project("{9A19103F-16F7-4668-BE54-9A1E7A4F7556}") = "EggPlantApi", "EggPlantApi\EggPlantApi.csproj", "{A8DB0861-CAF0-49A0-8B20-8E7CE576F0A0}"
EndProject
Project("{2150E333-8FDC-42A3-9474-1A3956D46DE8}") = "docker-compose", "docker-compose", "{4DA5C320-866D-403B-BE32-6EA7688D0F4D}"
	ProjectSection(SolutionItems) = preProject
		..\docker-compose.dev.yml = ..\docker-compose.dev.yml
		..\docker-compose.yml = ..\docker-compose.yml
	EndProjectSection
EndProject
Project("{9A19103F-16F7-4668-BE54-9A1E7A4F7556}") = "EggOrdersApi", "EggOrdersApi\EggOrdersApi.csproj", "{E2E99757-0CDE-4A4D-BBF3-4C7991C7E3FB}"
EndProject
Project("{2150E333-8FDC-42A3-9474-1A3956D46DE8}") = "k8s", "k8s", "{27ADB35A-79A4-4D62-B996-59C8E8317311}"
	ProjectSection(SolutionItems) = preProject
		..\k8s\eggplant-api-deployment.yaml = ..\k8s\eggplant-api-deployment.yaml
		..\k8s\eggplant-api-service.yaml = ..\k8s\eggplant-api-service.yaml
		..\k8s\elasticsearch-deployment.yaml = ..\k8s\elasticsearch-deployment.yaml
		..\k8s\elasticsearch-service.yaml = ..\k8s\elasticsearch-service.yaml
		..\k8s\kibana-deployment.yaml = ..\k8s\kibana-deployment.yaml
		..\k8s\kibana-service.yaml = ..\k8s\kibana-service.yaml
		..\k8s\orders-api-deployment.yaml = ..\k8s\orders-api-deployment.yaml
		..\k8s\orders-api-service.yaml = ..\k8s\orders-api-service.yaml
		..\k8s\rabbit-mq-mgmt-deployment.yaml = ..\k8s\rabbit-mq-mgmt-deployment.yaml
		..\k8s\rabbit-mq-mgmt-service.yaml = ..\k8s\rabbit-mq-mgmt-service.yaml
		..\k8s\ravendb-deployment.yaml = ..\k8s\ravendb-deployment.yaml
		..\k8s\ravendb-service.yaml = ..\k8s\ravendb-service.yaml
	EndProjectSection
EndProject
Global
	GlobalSection(SolutionConfigurationPlatforms) = preSolution
		Debug|Any CPU = Debug|Any CPU
		Release|Any CPU = Release|Any CPU
	EndGlobalSection
	GlobalSection(ProjectConfigurationPlatforms) = postSolution
		{A8DB0861-CAF0-49A0-8B20-8E7CE576F0A0}.Debug|Any CPU.ActiveCfg = Debug|Any CPU
		{A8DB0861-CAF0-49A0-8B20-8E7CE576F0A0}.Debug|Any CPU.Build.0 = Debug|Any CPU
		{A8DB0861-CAF0-49A0-8B20-8E7CE576F0A0}.Release|Any CPU.ActiveCfg = Release|Any CPU
		{A8DB0861-CAF0-49A0-8B20-8E7CE576F0A0}.Release|Any CPU.Build.0 = Release|Any CPU
		{E2E99757-0CDE-4A4D-BBF3-4C7991C7E3FB}.Debug|Any CPU.ActiveCfg = Debug|Any CPU
		{E2E99757-0CDE-4A4D-BBF3-4C7991C7E3FB}.Debug|Any CPU.Build.0 = Debug|Any CPU
		{E2E99757-0CDE-4A4D-BBF3-4C7991C7E3FB}.Release|Any CPU.ActiveCfg = Release|Any CPU
		{E2E99757-0CDE-4A4D-BBF3-4C7991C7E3FB}.Release|Any CPU.Build.0 = Release|Any CPU
	EndGlobalSection
	GlobalSection(SolutionProperties) = preSolution
		HideSolutionNode = FALSE
	EndGlobalSection
	GlobalSection(ExtensibilityGlobals) = postSolution
		SolutionGuid = {3224DC7A-F5C6-4789-B741-06C732E4B8AC}
	EndGlobalSection
EndGlobal
